
Microsoft Visual Studio Solution File, Format Version 12.00
# Visual Studio 2013
VisualStudioVersion = 12.0.40629.0
MinimumVisualStudioVersion = 10.0.40219.1
Project("{FAE04EC0-301F-11D3-BF4B-00C04F79EFBC}") = "EventsAndDelegates", "EventsAndDelegates\EventsAndDelegates.csproj", "{D962B2BD-2961-4060-95C2-E7760DF7307A}"
EndProject
Global
	GlobalSection(SolutionConfigurationPlatforms) = preSolution
		Debug|Any CPU = Debug|Any CPU
		Release|Any CPU = Release|Any CPU
	EndGlobalSection
	GlobalSection(ProjectConfigurationPlatforms) = postSolution
		{D962B2BD-2961-4060-95C2-E7760DF7307A}.Debug|Any CPU.ActiveCfg = Debug|Any CPU
		{D962B2BD-2961-4060-95C2-E7760DF7307A}.Debug|Any CPU.Build.0 = Debug|Any CPU
		{D962B2BD-2961-4060-95C2-E7760DF7307A}.Release|Any CPU.ActiveCfg = Release|Any CPU
		{D962B2BD-2961-4060-95C2-E7760DF7307A}.Release|Any CPU.Build.0 = Release|Any CPU
	EndGlobalSection
	GlobalSection(SolutionProperties) = preSolution
		HideSolutionNode = FALSE
	EndGlobalSection
EndGlobal
